// !$*UTF8*$!
{
	archiveVersion = 1;
	classes = {
	};
	objectVersion = 46;
	objects = {

/* Begin PBXBuildFile section */
		63CA256B1B60A950004C7D2F /* main.m in Sources */ = {isa = PBXBuildFile; fileRef = 63CA256A1B60A950004C7D2F /* main.m */; };
		63CA256E1B60A950004C7D2F /* AppDelegate.m in Sources */ = {isa = PBXBuildFile; fileRef = 63CA256D1B60A950004C7D2F /* AppDelegate.m */; };
		63CA25711B60A950004C7D2F /* ViewController.m in Sources */ = {isa = PBXBuildFile; fileRef = 63CA25701B60A950004C7D2F /* ViewController.m */; };
		63CA25741B60A950004C7D2F /* Main.storyboard in Resources */ = {isa = PBXBuildFile; fileRef = 63CA25721B60A950004C7D2F /* Main.storyboard */; };
		63CA25761B60A950004C7D2F /* Images.xcassets in Resources */ = {isa = PBXBuildFile; fileRef = 63CA25751B60A950004C7D2F /* Images.xcassets */; };
		63CA25791B60A950004C7D2F /* LaunchScreen.xib in Resources */ = {isa = PBXBuildFile; fileRef = 63CA25771B60A950004C7D2F /* LaunchScreen.xib */; };
		63CA25851B60A950004C7D2F /* Container_Transition_StoryboardTests.m in Sources */ = {isa = PBXBuildFile; fileRef = 63CA25841B60A950004C7D2F /* Container_Transition_StoryboardTests.m */; };
/* End PBXBuildFile section */

/* Begin PBXContainerItemProxy section */
		63CA257F1B60A950004C7D2F /* PBXContainerItemProxy */ = {
			isa = PBXContainerItemProxy;
			containerPortal = 63CA255D1B60A950004C7D2F /* Project object */;
			proxyType = 1;
			remoteGlobalIDString = 63CA25641B60A950004C7D2F;
			remoteInfo = "Container Transition Storyboard";
		};
/* End PBXContainerItemProxy section */

/* Begin PBXFileReference section */
		63CA25651B60A950004C7D2F /* Container Transition Storyboard.app */ = {isa = PBXFileReference; explicitFileType = wrapper.application; includeInIndex = 0; path = "Container Transition Storyboard.app"; sourceTree = BUILT_PRODUCTS_DIR; };
		63CA25691B60A950004C7D2F /* Info.plist */ = {isa = PBXFileReference; lastKnownFileType = text.plist.xml; path = Info.plist; sourceTree = "<group>"; };
		63CA256A1B60A950004C7D2F /* main.m */ = {isa = PBXFileReference; lastKnownFileType = sourcecode.c.objc; path = main.m; sourceTree = "<group>"; };
		63CA256C1B60A950004C7D2F /* AppDelegate.h */ = {isa = PBXFileReference; lastKnownFileType = sourcecode.c.h; path = AppDelegate.h; sourceTree = "<group>"; };
		63CA256D1B60A950004C7D2F /* AppDelegate.m */ = {isa = PBXFileReference; lastKnownFileType = sourcecode.c.objc; path = AppDelegate.m; sourceTree = "<group>"; };
		63CA256F1B60A950004C7D2F /* ViewController.h */ = {isa = PBXFileReference; lastKnownFileType = sourcecode.c.h; path = ViewController.h; sourceTree = "<group>"; };
		63CA25701B60A950004C7D2F /* ViewController.m */ = {isa = PBXFileReference; lastKnownFileType = sourcecode.c.objc; path = ViewController.m; sourceTree = "<group>"; };
		63CA25731B60A950004C7D2F /* Base */ = {isa = PBXFileReference; lastKnownFileType = file.storyboard; name = Base; path = Base.lproj/Main.storyboard; sourceTree = "<group>"; };
		63CA25751B60A950004C7D2F /* Images.xcassets */ = {isa = PBXFileReference; lastKnownFileType = folder.assetcatalog; path = Images.xcassets; sourceTree = "<group>"; };
		63CA25781B60A950004C7D2F /* Base */ = {isa = PBXFileReference; lastKnownFileType = file.xib; name = Base; path = Base.lproj/LaunchScreen.xib; sourceTree = "<group>"; };
		63CA257E1B60A950004C7D2F /* Container Transition StoryboardTests.xctest */ = {isa = PBXFileReference; explicitFileType = wrapper.cfbundle; includeInIndex = 0; path = "Container Transition StoryboardTests.xctest"; sourceTree = BUILT_PRODUCTS_DIR; };
		63CA25831B60A950004C7D2F /* Info.plist */ = {isa = PBXFileReference; lastKnownFileType = text.plist.xml; path = Info.plist; sourceTree = "<group>"; };
		63CA25841B60A950004C7D2F /* Container_Transition_StoryboardTests.m */ = {isa = PBXFileReference; lastKnownFileType = sourcecode.c.objc; path = Container_Transition_StoryboardTests.m; sourceTree = "<group>"; };
/* End PBXFileReference section */

/* Begin PBXFrameworksBuildPhase section */
		63CA25621B60A950004C7D2F /* Frameworks */ = {
			isa = PBXFrameworksBuildPhase;
			buildActionMask = 2147483647;
			files = (
			);
			runOnlyForDeploymentPostprocessing = 0;
		};
		63CA257B1B60A950004C7D2F /* Frameworks */ = {
			isa = PBXFrameworksBuildPhase;
			buildActionMask = 2147483647;
			files = (
			);
			runOnlyForDeploymentPostprocessing = 0;
		};
/* End PBXFrameworksBuildPhase section */

/* Begin PBXGroup section */
		63CA255C1B60A950004C7D2F = {
			isa = PBXGroup;
			children = (
				63CA25671B60A950004C7D2F /* Container Transition Storyboard */,
				63CA25811B60A950004C7D2F /* Container Transition StoryboardTests */,
				63CA25661B60A950004C7D2F /* Products */,
			);
			sourceTree = "<group>";
		};
		63CA25661B60A950004C7D2F /* Products */ = {
			isa = PBXGroup;
			children = (
				63CA25651B60A950004C7D2F /* Container Transition Storyboard.app */,
				63CA257E1B60A950004C7D2F /* Container Transition StoryboardTests.xctest */,
			);
			name = Products;
			sourceTree = "<group>";
		};
		63CA25671B60A950004C7D2F /* Container Transition Storyboard */ = {
			isa = PBXGroup;
			children = (
				63CA256C1B60A950004C7D2F /* AppDelegate.h */,
				63CA256D1B60A950004C7D2F /* AppDelegate.m */,
				63CA256F1B60A950004C7D2F /* ViewController.h */,
				63CA25701B60A950004C7D2F /* ViewController.m */,
				63CA25721B60A950004C7D2F /* Main.storyboard */,
				63CA25751B60A950004C7D2F /* Images.xcassets */,
				63CA25771B60A950004C7D2F /* LaunchScreen.xib */,
				63CA25681B60A950004C7D2F /* Supporting Files */,
			);
			path = "Container Transition Storyboard";
			sourceTree = "<group>";
		};
		63CA25681B60A950004C7D2F /* Supporting Files */ = {
			isa = PBXGroup;
			children = (
				63CA25691B60A950004C7D2F /* Info.plist */,
				63CA256A1B60A950004C7D2F /* main.m */,
			);
			name = "Supporting Files";
			sourceTree = "<group>";
		};
		63CA25811B60A950004C7D2F /* Container Transition StoryboardTests */ = {
			isa = PBXGroup;
			children = (
				63CA25841B60A950004C7D2F /* Container_Transition_StoryboardTests.m */,
				63CA25821B60A950004C7D2F /* Supporting Files */,
			);
			path = "Container Transition StoryboardTests";
			sourceTree = "<group>";
		};
		63CA25821B60A950004C7D2F /* Supporting Files */ = {
			isa = PBXGroup;
			children = (
				63CA25831B60A950004C7D2F /* Info.plist */,
			);
			name = "Supporting Files";
			sourceTree = "<group>";
		};
/* End PBXGroup section */

/* Begin PBXNativeTarget section */
		63CA25641B60A950004C7D2F /* Container Transition Storyboard */ = {
			isa = PBXNativeTarget;
			buildConfigurationList = 63CA25881B60A950004C7D2F /* Build configuration list for PBXNativeTarget "Container Transition Storyboard" */;
			buildPhases = (
				63CA25611B60A950004C7D2F /* Sources */,
				63CA25621B60A950004C7D2F /* Frameworks */,
				63CA25631B60A950004C7D2F /* Resources */,
			);
			buildRules = (
			);
			dependencies = (
			);
			name = "Container Transition Storyboard";
			productName = "Container Transition Storyboard";
			productReference = 63CA25651B60A950004C7D2F /* Container Transition Storyboard.app */;
			productType = "com.apple.product-type.application";
		};
		63CA257D1B60A950004C7D2F /* Container Transition StoryboardTests */ = {
			isa = PBXNativeTarget;
			buildConfigurationList = 63CA258B1B60A950004C7D2F /* Build configuration list for PBXNativeTarget "Container Transition StoryboardTests" */;
			buildPhases = (
				63CA257A1B60A950004C7D2F /* Sources */,
				63CA257B1B60A950004C7D2F /* Frameworks */,
				63CA257C1B60A950004C7D2F /* Resources */,
			);
			buildRules = (
			);
			dependencies = (
				63CA25801B60A950004C7D2F /* PBXTargetDependency */,
			);
			name = "Container Transition StoryboardTests";
			productName = "Container Transition StoryboardTests";
			productReference = 63CA257E1B60A950004C7D2F /* Container Transition StoryboardTests.xctest */;
			productType = "com.apple.product-type.bundle.unit-test";
		};
/* End PBXNativeTarget section */

/* Begin PBXProject section */
		63CA255D1B60A950004C7D2F /* Project object */ = {
			isa = PBXProject;
			attributes = {
				LastUpgradeCheck = 0640;
				ORGANIZATIONNAME = "David Fu";
				TargetAttributes = {
					63CA25641B60A950004C7D2F = {
						CreatedOnToolsVersion = 6.4;
					};
					63CA257D1B60A950004C7D2F = {
						CreatedOnToolsVersion = 6.4;
						TestTargetID = 63CA25641B60A950004C7D2F;
					};
				};
			};
			buildConfigurationList = 63CA25601B60A950004C7D2F /* Build configuration list for PBXProject "Container Transition Storyboard" */;
			compatibilityVersion = "Xcode 3.2";
			developmentRegion = English;
			hasScannedForEncodings = 0;
			knownRegions = (
				en,
				Base,
			);
			mainGroup = 63CA255C1B60A950004C7D2F;
			productRefGroup = 63CA25661B60A950004C7D2F /* Products */;
			projectDirPath = "";
			projectRoot = "";
			targets = (
				63CA25641B60A950004C7D2F /* Container Transition Storyboard */,
				63CA257D1B60A950004C7D2F /* Container Transition StoryboardTests */,
			);
		};
/* End PBXProject section */

/* Begin PBXResourcesBuildPhase section */
		63CA25631B60A950004C7D2F /* Resources */ = {
			isa = PBXResourcesBuildPhase;
			buildActionMask = 2147483647;
			files = (
				63CA25741B60A950004C7D2F /* Main.storyboard in Resources */,
				63CA25791B60A950004C7D2F /* LaunchScreen.xib in Resources */,
				63CA25761B60A950004C7D2F /* Images.xcassets in Resources */,
			);
			runOnlyForDeploymentPostprocessing = 0;
		};
		63CA257C1B60A950004C7D2F /* Resources */ = {
			isa = PBXResourcesBuildPhase;
			buildActionMask = 2147483647;
			files = (
			);
			runOnlyForDeploymentPostprocessing = 0;
		};
/* End PBXResourcesBuildPhase section */

/* Begin PBXSourcesBuildPhase section */
		63CA25611B60A950004C7D2F /* Sources */ = {
			isa = PBXSourcesBuildPhase;
			buildActionMask = 2147483647;
			files = (
				63CA25711B60A950004C7D2F /* ViewController.m in Sources */,
				63CA256E1B60A950004C7D2F /* AppDelegate.m in Sources */,
				63CA256B1B60A950004C7D2F /* main.m in Sources */,
			);
			runOnlyForDeploymentPostprocessing = 0;
		};
		63CA257A1B60A950004C7D2F /* Sources */ = {
			isa = PBXSourcesBuildPhase;
			buildActionMask = 2147483647;
			files = (
				63CA25851B60A950004C7D2F /* Container_Transition_StoryboardTests.m in Sources */,
			);
			runOnlyForDeploymentPostprocessing = 0;
		};
/* End PBXSourcesBuildPhase section */

/* Begin PBXTargetDependency section */
		63CA25801B60A950004C7D2F /* PBXTargetDependency */ = {
			isa = PBXTargetDependency;
			target = 63CA25641B60A950004C7D2F /* Container Transition Storyboard */;
			targetProxy = 63CA257F1B60A950004C7D2F /* PBXContainerItemProxy */;
		};
/* End PBXTargetDependency section */

/* Begin PBXVariantGroup section */
		63CA25721B60A950004C7D2F /* Main.storyboard */ = {
			isa = PBXVariantGroup;
			children = (
				63CA25731B60A950004C7D2F /* Base */,
			);
			name = Main.storyboard;
			sourceTree = "<group>";
		};
		63CA25771B60A950004C7D2F /* LaunchScreen.xib */ = {
			isa = PBXVariantGroup;
			children = (
				63CA25781B60A950004C7D2F /* Base */,
			);
			name = LaunchScreen.xib;
			sourceTree = "<group>";
		};
/* End PBXVariantGroup section */

/* Begin XCBuildConfiguration section */
		63CA25861B60A950004C7D2F /* Debug */ = {
			isa = XCBuildConfiguration;
			buildSettings = {
				ALWAYS_SEARCH_USER_PATHS = NO;
				CLANG_CXX_LANGUAGE_STANDARD = "gnu++0x";
				CLANG_CXX_LIBRARY = "libc++";
				CLANG_ENABLE_MODULES = YES;
				CLANG_ENABLE_OBJC_ARC = YES;
				CLANG_WARN_BOOL_CONVERSION = YES;
				CLANG_WARN_CONSTANT_CONVERSION = YES;
				CLANG_WARN_DIRECT_OBJC_ISA_USAGE = YES_ERROR;
				CLANG_WARN_EMPTY_BODY = YES;
				CLANG_WARN_ENUM_CONVERSION = YES;
				CLANG_WARN_INT_CONVERSION = YES;
				CLANG_WARN_OBJC_ROOT_CLASS = YES_ERROR;
				CLANG_WARN_UNREACHABLE_CODE = YES;
				CLANG_WARN__DUPLICATE_METHOD_MATCH = YES;
				"CODE_SIGN_IDENTITY[sdk=iphoneos*]" = "iPhone Developer";
				COPY_PHASE_STRIP = NO;
				DEBUG_INFORMATION_FORMAT = "dwarf-with-dsym";
				ENABLE_STRICT_OBJC_MSGSEND = YES;
				GCC_C_LANGUAGE_STANDARD = gnu99;
				GCC_DYNAMIC_NO_PIC = NO;
				GCC_NO_COMMON_BLOCKS = YES;
				GCC_OPTIMIZATION_LEVEL = 0;
				GCC_PREPROCESSOR_DEFINITIONS = (
					"DEBUG=1",
					"$(inherited)",
				);
				GCC_SYMBOLS_PRIVATE_EXTERN = NO;
				GCC_WARN_64_TO_32_BIT_CONVERSION = YES;
				GCC_WARN_ABOUT_RETURN_TYPE = YES_ERROR;
				GCC_WARN_UNDECLARED_SELECTOR = YES;
				GCC_WARN_UNINITIALIZED_AUTOS = YES_AGGRESSIVE;
				GCC_WARN_UNUSED_FUNCTION = YES;
				GCC_WARN_UNUSED_VARIABLE = YES;
				IPHONEOS_DEPLOYMENT_TARGET = 8.4;
				MTL_ENABLE_DEBUG_INFO = YES;
				ONLY_ACTIVE_ARCH = YES;
				SDKROOT = iphoneos;
				TARGETED_DEVICE_FAMILY = "1,2";
			};
			name = Debug;
		};
		63CA25871B60A950004C7D2F /* Release */ = {
			isa = XCBuildConfiguration;
			buildSettings = {
				ALWAYS_SEARCH_USER_PATHS = NO;
				CLANG_CXX_LANGUAGE_STANDARD = "gnu++0x";
				CLANG_CXX_LIBRARY = "libc++";
				CLANG_ENABLE_MODULES = YES;
				CLANG_ENABLE_OBJC_ARC = YES;
				CLANG_WARN_BOOL_CONVERSION = YES;
				CLANG_WARN_CONSTANT_CONVERSION = YES;
				CLANG_WARN_DIRECT_OBJC_ISA_USAGE = YES_ERROR;
				CLANG_WARN_EMPTY_BODY = YES;
				CLANG_WARN_ENUM_CONVERSION = YES;
				CLANG_WARN_INT_CONVERSION = YES;
				CLANG_WARN_OBJC_ROOT_CLASS = YES_ERROR;
				CLANG_WARN_UNREACHABLE_CODE = YES;
				CLANG_WARN__DUPLICATE_METHOD_MATCH = YES;
				"CODE_SIGN_IDENTITY[sdk=iphoneos*]" = "iPhone Developer";
				COPY_PHASE_STRIP = NO;
				DEBUG_INFORMATION_FORMAT = "dwarf-with-dsym";
				ENABLE_NS_ASSERTIONS = NO;
				ENABLE_STRICT_OBJC_MSGSEND = YES;
				GCC_C_LANGUAGE_STANDARD = gnu99;
				GCC_NO_COMMON_BLOCKS = YES;
				GCC_WARN_64_TO_32_BIT_CONVERSION = YES;
				GCC_WARN_ABOUT_RETURN_TYPE = YES_ERROR;
				GCC_WARN_UNDECLARED_SELECTOR = YES;
				GCC_WARN_UNINITIALIZED_AUTOS = YES_AGGRESSIVE;
				GCC_WARN_UNUSED_FUNCTION = YES;
				GCC_WARN_UNUSED_VARIABLE = YES;
				IPHONEOS_DEPLOYMENT_TARGET = 8.4;
				MTL_ENABLE_DEBUG_INFO = NO;
				SDKROOT = iphoneos;
				TARGETED_DEVICE_FAMILY = "1,2";
				VALIDATE_PRODUCT = YES;
			};
			name = Release;
		};
		63CA25891B60A950004C7D2F /* Debug */ = {
			isa = XCBuildConfiguration;
			buildSettings = {
				ASSETCATALOG_COMPILER_APPICON_NAME = AppIcon;
				INFOPLIST_FILE = "Container Transition Storyboard/Info.plist";
				LD_RUNPATH_SEARCH_PATHS = "$(inherited) @executable_path/Frameworks";
				PRODUCT_NAME = "$(TARGET_NAME)";
			};
			name = Debug;
		};
		63CA258A1B60A950004C7D2F /* Release */ = {
			isa = XCBuildConfiguration;
			buildSettings = {
				ASSETCATALOG_COMPILER_APPICON_NAME = AppIcon;
				INFOPLIST_FILE = "Container Transition Storyboard/Info.plist";
				LD_RUNPATH_SEARCH_PATHS = "$(inherited) @executable_path/Frameworks";
				PRODUCT_NAME = "$(TARGET_NAME)";
			};
			name = Release;
		};
		63CA258C1B60A950004C7D2F /* Debug */ = {
			isa = XCBuildConfiguration;
			buildSettings = {
				BUNDLE_LOADER = "$(TEST_HOST)";
				FRAMEWORK_SEARCH_PATHS = (
					"$(SDKROOT)/Developer/Library/Frameworks",
					"$(inherited)",
				);
				GCC_PREPROCESSOR_DEFINITIONS = (
					"DEBUG=1",
					"$(inherited)",
				);
				INFOPLIST_FILE = "Container Transition StoryboardTests/Info.plist";
				LD_RUNPATH_SEARCH_PATHS = "$(inherited) @executable_path/Frameworks @loader_path/Frameworks";
				PRODUCT_NAME = "$(TARGET_NAME)";
				TEST_HOST = "$(BUILT_PRODUCTS_DIR)/Container Transition Storyboard.app/Container Transition Storyboard";
			};
			name = Debug;
		};
		63CA258D1B60A950004C7D2F /* Release */ = {
			isa = XCBuildConfiguration;
			buildSettings = {
				BUNDLE_LOADER = "$(TEST_HOST)";
				FRAMEWORK_SEARCH_PATHS = (
					"$(SDKROOT)/Developer/Library/Frameworks",
					"$(inherited)",
				);
				INFOPLIST_FILE = "Container Transition StoryboardTests/Info.plist";
				LD_RUNPATH_SEARCH_PATHS = "$(inherited) @executable_path/Frameworks @loader_path/Frameworks";
				PRODUCT_NAME = "$(TARGET_NAME)";
				TEST_HOST = "$(BUILT_PRODUCTS_DIR)/Container Transition Storyboard.app/Container Transition Storyboard";
			};
			name = Release;
		};
/* End XCBuildConfiguration section */

/* Begin XCConfigurationList section */
		63CA25601B60A950004C7D2F /* Build configuration list for PBXProject "Container Transition Storyboard" */ = {
			isa = XCConfigurationList;
			buildConfigurations = (
				63CA25861B60A950004C7D2F /* Debug */,
				63CA25871B60A950004C7D2F /* Release */,
			);
			defaultConfigurationIsVisible = 0;
			defaultConfigurationName = Release;
		};
		63CA25881B60A950004C7D2F /* Build configuration list for PBXNativeTarget "Container Transition Storyboard" */ = {
			isa = XCConfigurationList;
			buildConfigurations = (
				63CA25891B60A950004C7D2F /* Debug */,
				63CA258A1B60A950004C7D2F /* Release */,
			);
			defaultConfigurationIsVisible = 0;
		};
		63CA258B1B60A950004C7D2F /* Build configuration list for PBXNativeTarget "Container Transition StoryboardTests" */ = {
			isa = XCConfigurationList;
			buildConfigurations = (
				63CA258C1B60A950004C7D2F /* Debug */,
				63CA258D1B60A950004C7D2F /* Release */,
			);
			defaultConfigurationIsVisible = 0;
		};
/* End XCConfigurationList section */
	};
	rootObject = 63CA255D1B60A950004C7D2F /* Project object */;
}
